{
  "name": "@tmtek/bulletinboard",
  "version": "0.0.2",
  "lockfileVersion": 1,
  "requires": true,
  "dependencies": {
    "@tmtek/convo": {
      "version": "0.2.14",
      "resolved": "https://registry.npmjs.org/@tmtek/convo/-/convo-0.2.14.tgz",
      "integrity": "sha512-Xdf1trAoB/Z7jpkJDqpAFGDdOn8JPNtpNM5ZhvHJO5xz/Ed6zDef0+HFiNunVljw8bG5kP0fQkj3KbXTYlvIJw=="
    }
  }
}
