{
  "name": "@tmtek/bulletinboard",
  "version": "0.0.4",
  "lockfileVersion": 1,
  "requires": true,
  "dependencies": {
    "@tmtek/convo": {
      "version": "0.2.19",
      "resolved": "https://registry.npmjs.org/@tmtek/convo/-/convo-0.2.19.tgz",
      "integrity": "sha512-aG07xVqdaKfeEk7WeGussgAh8WSXi68jtIsC0qEn/ofdekKMFTPvZGANclqtas67ePytURM89zxSkqu5XN8WIw=="
    },
    "javascript-time-ago": {
      "version": "1.0.31",
      "resolved": "https://registry.npmjs.org/javascript-time-ago/-/javascript-time-ago-1.0.31.tgz",
      "integrity": "sha512-sgvSiGVSqWvK82IKcpgXXTCLHHBFkeptlLLj5vLTlXtuD5B2cqELPM9dN/88pmh3VJYi5otzisVcoiCSJnnorw=="
    }
  }
}
