{
  "name": "@tmtek/bulletinboard",
  "version": "0.0.3",
  "lockfileVersion": 1,
  "requires": true,
  "dependencies": {
    "@tmtek/convo": {
      "version": "0.2.17",
      "resolved": "https://registry.npmjs.org/@tmtek/convo/-/convo-0.2.17.tgz",
      "integrity": "sha512-W5IxMNAcmjGCvKCOLebIE/O7sxVyVeAhpy0Atnz+RCMDYm6D9/d1aWNCk3ybj5G6SXq/vmZ0edixCD0T9dJfsg=="
    },
    "javascript-time-ago": {
      "version": "1.0.31",
      "resolved": "https://registry.npmjs.org/javascript-time-ago/-/javascript-time-ago-1.0.31.tgz",
      "integrity": "sha512-sgvSiGVSqWvK82IKcpgXXTCLHHBFkeptlLLj5vLTlXtuD5B2cqELPM9dN/88pmh3VJYi5otzisVcoiCSJnnorw=="
    }
  }
}
